
Microsoft Visual Studio Solution File, Format Version 12.00
# Visual Studio Version 17
VisualStudioVersion = 17.14.36915.13 d17.14
MinimumVisualStudioVersion = 10.0.40219.1
Project("{FAE04EC0-301F-11D3-BF4B-00C04F79EFBC}") = "SchoolVoetbalApp", "SchoolVoetbalApp.csproj", "{12C4D7DA-3AA7-4B4D-9F42-9DA7DBA6E91A}"
EndProject
Global
	GlobalSection(SolutionConfigurationPlatforms) = preSolution
		Debug|ARM64 = Debug|ARM64
		Debug|x64 = Debug|x64
		Debug|x86 = Debug|x86
		Release|ARM64 = Release|ARM64
		Release|x64 = Release|x64
		Release|x86 = Release|x86
	EndGlobalSection
	GlobalSection(ProjectConfigurationPlatforms) = postSolution
		{12C4D7DA-3AA7-4B4D-9F42-9DA7DBA6E91A}.Debug|ARM64.ActiveCfg = Debug|ARM64
		{12C4D7DA-3AA7-4B4D-9F42-9DA7DBA6E91A}.Debug|ARM64.Build.0 = Debug|ARM64
		{12C4D7DA-3AA7-4B4D-9F42-9DA7DBA6E91A}.Debug|ARM64.Deploy.0 = Debug|ARM64
		{12C4D7DA-3AA7-4B4D-9F42-9DA7DBA6E91A}.Debug|x64.ActiveCfg = Debug|x64
		{12C4D7DA-3AA7-4B4D-9F42-9DA7DBA6E91A}.Debug|x64.Build.0 = Debug|x64
		{12C4D7DA-3AA7-4B4D-9F42-9DA7DBA6E91A}.Debug|x64.Deploy.0 = Debug|x64
		{12C4D7DA-3AA7-4B4D-9F42-9DA7DBA6E91A}.Debug|x86.ActiveCfg = Debug|x86
		{12C4D7DA-3AA7-4B4D-9F42-9DA7DBA6E91A}.Debug|x86.Build.0 = Debug|x86
		{12C4D7DA-3AA7-4B4D-9F42-9DA7DBA6E91A}.Debug|x86.Deploy.0 = Debug|x86
		{12C4D7DA-3AA7-4B4D-9F42-9DA7DBA6E91A}.Release|ARM64.ActiveCfg = Release|ARM64
		{12C4D7DA-3AA7-4B4D-9F42-9DA7DBA6E91A}.Release|ARM64.Build.0 = Release|ARM64
		{12C4D7DA-3AA7-4B4D-9F42-9DA7DBA6E91A}.Release|ARM64.Deploy.0 = Release|ARM64
		{12C4D7DA-3AA7-4B4D-9F42-9DA7DBA6E91A}.Release|x64.ActiveCfg = Release|x64
		{12C4D7DA-3AA7-4B4D-9F42-9DA7DBA6E91A}.Release|x64.Build.0 = Release|x64
		{12C4D7DA-3AA7-4B4D-9F42-9DA7DBA6E91A}.Release|x64.Deploy.0 = Release|x64
		{12C4D7DA-3AA7-4B4D-9F42-9DA7DBA6E91A}.Release|x86.ActiveCfg = Release|x86
		{12C4D7DA-3AA7-4B4D-9F42-9DA7DBA6E91A}.Release|x86.Build.0 = Release|x86
		{12C4D7DA-3AA7-4B4D-9F42-9DA7DBA6E91A}.Release|x86.Deploy.0 = Release|x86
	EndGlobalSection
	GlobalSection(SolutionProperties) = preSolution
		HideSolutionNode = FALSE
	EndGlobalSection
	GlobalSection(ExtensibilityGlobals) = postSolution
		SolutionGuid = {1FB34EC4-D2E0-4C14-B8B8-9C37A95AB17F}
	EndGlobalSection
EndGlobal
